// !$*UTF8*$!
{
	archiveVersion = 1;
	classes = {
	};
	objectVersion = 56;
	objects = {

/* Begin PBXFileReference section */
		26826944F2B123EC5BE3E879 /* OceanAppSetup.h */ = {isa = PBXFileReference; fileEncoding = 4; lastKnownFileType = sourcecode.c.h; name = OceanAppSetup.h; path = OceanUI/OceanAppSetup.h; sourceTree = "<group>"; };
		E5A66550BD96029EE727A45E /* OceanAppSetup.m */ = {isa = PBXFileReference; fileEncoding = 4; lastKnownFileType = sourcecode.c.objc; name = OceanAppSetup.m; path = OceanUI/OceanAppSetup.m; sourceTree = "<group>"; };
		3B59B22435389F20D255C955 /* OceanHomeViewController.h */ = {isa = PBXFileReference; fileEncoding = 4; lastKnownFileType = sourcecode.c.h; name = OceanHomeViewController.h; path = OceanUI/OceanHomeViewController.h; sourceTree = "<group>"; };
		181747C9AC6E0C856BAB22FA /* OceanHomeViewController.m */ = {isa = PBXFileReference; fileEncoding = 4; lastKnownFileType = sourcecode.c.objc; name = OceanHomeViewController.m; path = OceanUI/OceanHomeViewController.m; sourceTree = "<group>"; };
		FE63FAE6D20E668C82D1E192 /* OceanNavigationStyling.h */ = {isa = PBXFileReference; fileEncoding = 4; lastKnownFileType = sourcecode.c.h; name = OceanNavigationStyling.h; path = OceanUI/OceanNavigationStyling.h; sourceTree = "<group>"; };
		5BEE9977EDA698DAC07C2E2C /* OceanNavigationStyling.m */ = {isa = PBXFileReference; fileEncoding = 4; lastKnownFileType = sourcecode.c.objc; name = OceanNavigationStyling.m; path = OceanUI/OceanNavigationStyling.m; sourceTree = "<group>"; };
		98D7EE2DACDAF221C95B4D3C /* OceanStylingCategories.m */ = {isa = PBXFileReference; fileEncoding = 4; lastKnownFileType = sourcecode.c.objc; name = OceanStylingCategories.m; path = OceanUI/OceanStylingCategories.m; sourceTree = "<group>"; };
		6CA959180D7C7851CEE4E296 /* OceanTheme.h */ = {isa = PBXFileReference; fileEncoding = 4; lastKnownFileType = sourcecode.c.h; name = OceanTheme.h; path = OceanUI/OceanTheme.h; sourceTree = "<group>"; };
		EB85753D7E7243F21FF0B1C9 /* OceanTheme.m */ = {isa = PBXFileReference; fileEncoding = 4; lastKnownFileType = sourcecode.c.objc; name = OceanTheme.m; path = OceanUI/OceanTheme.m; sourceTree = "<group>"; };

		054957CB2986E91000EFD4CE /* Makefile */ = {isa = PBXFileReference; fileEncoding = 4; lastKnownFileType = sourcecode.make; path = Makefile; sourceTree = "<group>"; };
		054957CC2986E91000EFD4CE /* .gitmodules */ = {isa = PBXFileReference; fileEncoding = 4; lastKnownFileType = text; path = .gitmodules; sourceTree = "<group>"; };
		054957CE2986E91000EFD4CE /* .github */ = {isa = PBXFileReference; lastKnownFileType = folder; path = .github; sourceTree = "<group>"; };
		054957CF2986E91000EFD4CE /* .gitignore */ = {isa = PBXFileReference; fileEncoding = 4; lastKnownFileType = text; path = .gitignore; sourceTree = "<group>"; };
		054957D02986E91000EFD4CE /* Natives */ = {isa = PBXFileReference; lastKnownFileType = folder; path = Natives; sourceTree = "<group>"; };
		054957D12986E91000EFD4CE /* README.md */ = {isa = PBXFileReference; fileEncoding = 4; lastKnownFileType = net.daringfireball.markdown; path = README.md; sourceTree = "<group>"; };
		054957D22986E91000EFD4CE /* crowdin.yml */ = {isa = PBXFileReference; fileEncoding = 4; lastKnownFileType = text.yaml; path = crowdin.yml; sourceTree = "<group>"; };
		054957D32986E91000EFD4CE /* JavaApp */ = {isa = PBXFileReference; lastKnownFileType = folder; path = JavaApp; sourceTree = "<group>"; };
		054957D42986E91000EFD4CE /* LICENSE */ = {isa = PBXFileReference; fileEncoding = 4; lastKnownFileType = text; path = LICENSE; sourceTree = "<group>"; };
		78F6C43A2DDC419E00F91915 /* entitlements.codesign.xml */ = {isa = PBXFileReference; lastKnownFileType = text.xml; path = entitlements.codesign.xml; sourceTree = "<group>"; };
		78F6C43B2DDC419E00F91915 /* entitlements.sideload.xml */ = {isa = PBXFileReference; lastKnownFileType = text.xml; path = entitlements.sideload.xml; sourceTree = "<group>"; };
		78F6C43C2DDC419E00F91915 /* entitlements.trollstore.xml */ = {isa = PBXFileReference; lastKnownFileType = text.xml; path = entitlements.trollstore.xml; sourceTree = "<group>"; };
/* End PBXFileReference section */

/* Begin PBXGroup section */
		054957C02986E8DC00EFD4CE = {
			isa = PBXGroup;
			children = (
				054957CE2986E91000EFD4CE /* .github */,
				054957CF2986E91000EFD4CE /* .gitignore */,
				054957CC2986E91000EFD4CE /* .gitmodules */,
				054957D22986E91000EFD4CE /* crowdin.yml */,
				054957D32986E91000EFD4CE /* JavaApp */,
				054957D42986E91000EFD4CE /* LICENSE */,
				054957CB2986E91000EFD4CE /* Makefile */,
				78F6C43A2DDC419E00F91915 /* entitlements.codesign.xml */,
				78F6C43B2DDC419E00F91915 /* entitlements.sideload.xml */,
				78F6C43C2DDC419E00F91915 /* entitlements.trollstore.xml */,
				054957D02986E91000EFD4CE /* Natives */,
				054957D12986E91000EFD4CE /* README.md */,
			);
			sourceTree = "<group>";
		};
/* End PBXGroup section */

/* Begin PBXLegacyTarget section */
		054957C52986E8DC00EFD4CE /* Ocean Launcher */ = {
			isa = PBXLegacyTarget;
			buildArgumentsString = "-j$(sysctl -n hw.ncpu) dsym package";
			buildConfigurationList = 054957C82986E8DC00EFD4CE /* Build configuration list for PBXLegacyTarget "Ocean Launcher" */;
			buildPhases = (
			);
			buildToolPath = /usr/local/bin/gmake;
			buildWorkingDirectory = "";
			dependencies = (
			);
			name = "Ocean Launcher";
			passBuildSettingsInEnvironment = 1;
			productName = ZenithLauncher;
		};
/* End PBXLegacyTarget section */

/* Begin PBXProject section */
		054957C12986E8DC00EFD4CE /* Project object */ = {
			isa = PBXProject;
			attributes = {
				BuildIndependentTargetsInParallel = 1;
				LastUpgradeCheck = 1420;
				TargetAttributes = {
					054957C52986E8DC00EFD4CE = {
						CreatedOnToolsVersion = 14.2;
					};
				};
			};
			buildConfigurationList = 054957C42986E8DC00EFD4CE /* Build configuration list for PBXProject "Ocean Launcher" */;
			compatibilityVersion = "Xcode 14.0";
			developmentRegion = en;
			hasScannedForEncodings = 0;
			knownRegions = (
				en,
				Base,
			);
			mainGroup = 054957C02986E8DC00EFD4CE;
			projectDirPath = "";
			projectRoot = "";
			targets = (
				054957C52986E8DC00EFD4CE /* Ocean Launcher */,
			);
		};
/* End PBXProject section */

/* Begin XCBuildConfiguration section */
		054957C62986E8DC00EFD4CE /* Debug */ = {
			isa = XCBuildConfiguration;
			buildSettings = {
				PATH = "${PATH}:/opt/procursus/bin:/opt/procursus/sbin:/opt/homebrew/bin:/opt/homebrew/sbin:/usr/local/bin:/usr/local/sbin";
				PLATFORM = 2;
				PROVISIONING = "/Users/evaluna/Library/MobileDevice/Provisioning Profiles/WildcardProvisioning.mobileprovision";
				RELEASE = 0;
				SIGNING_TEAMID = TF9842L8S8;
				TEAMID = 95J8WZ4TN8;
				VERBOSE = 1;
			};
			name = Debug;
		};
		054957C72986E8DC00EFD4CE /* Release */ = {
			isa = XCBuildConfiguration;
			buildSettings = {
				PATH = "${PATH}:/opt/procursus/bin:/opt/procursus/sbin:/opt/homebrew/bin:/opt/homebrew/sbin:/usr/local/bin:/usr/local/sbin";
				PLATFORM = 2;
				PROVISIONING = "/Users/evaluna/Library/MobileDevice/Provisioning Profiles/WildcardProvisioning.mobileprovision";
				RELEASE = 1;
				SIGNING_TEAMID = TF9842L8S8;
				TEAMID = 95J8WZ4TN8;
				VERBOSE = 0;
			};
			name = Release;
		};
		054957C92986E8DC00EFD4CE /* Debug */ = {
			isa = XCBuildConfiguration;
			buildSettings = {
				PROVISIONING = "/Users/evaluna/Library/MobileDevice/Provisioning Profiles/WildcardProvisioning.mobileprovision";
				SIGNING_TEAMID = TF9842L8S8;
				TEAMID = 95J8WZ4TN8;
				_COMMENT = "You can change PLATFORM to vtool for non-iOS. PROVISIONING, SIGNING_TEAMID, and TEAMID are used for codesign, they won't work on your machine without edits. PATH, VERBOSE, and RELEASE do not need to be changed.";
			};
			name = Debug;
		};
		054957CA2986E8DC00EFD4CE /* Release */ = {
			isa = XCBuildConfiguration;
			buildSettings = {
				PROVISIONING = "/Users/evaluna/Library/MobileDevice/Provisioning Profiles/WildcardProvisioning.mobileprovision";
				SIGNING_TEAMID = TF9842L8S8;
				TEAMID = 95J8WZ4TN8;
				_COMMENT = "You can change PLATFORM to vtool for non-iOS. PROVISIONING, SIGNING_TEAMID, and TEAMID are used for codesign, they won't work on your machine without edits. PATH, VERBOSE, and RELEASE do not need to be changed.";
			};
			name = Release;
		};
/* End XCBuildConfiguration section */

/* Begin XCConfigurationList section */
		054957C42986E8DC00EFD4CE /* Build configuration list for PBXProject "Ocean Launcher" */ = {
			isa = XCConfigurationList;
			buildConfigurations = (
				054957C62986E8DC00EFD4CE /* Debug */,
				054957C72986E8DC00EFD4CE /* Release */,
			);
			defaultConfigurationIsVisible = 0;
			defaultConfigurationName = Release;
		};
		054957C82986E8DC00EFD4CE /* Build configuration list for PBXLegacyTarget "Ocean Launcher" */ = {
			isa = XCConfigurationList;
			buildConfigurations = (
				054957C92986E8DC00EFD4CE /* Debug */,
				054957CA2986E8DC00EFD4CE /* Release */,
			);
			defaultConfigurationIsVisible = 0;
			defaultConfigurationName = Release;
		};
/* End XCConfigurationList section */
	};
	rootObject = 054957C12986E8DC00EFD4CE /* Project object */;
}

